
Microsoft Visual Studio Solution File, Format Version 12.00
# Visual Studio Version 17
VisualStudioVersion = 17.7.34031.279
MinimumVisualStudioVersion = 10.0.40219.1
Project("{FAE04EC0-301F-11D3-BF4B-00C04F79EFBC}") = "Jabron 2", "Jabron 2\Jabron 2.csproj", "{C8E54A76-16D1-42CF-9530-EF4E97AC4A25}"
EndProject
Global
	GlobalSection(SolutionConfigurationPlatforms) = preSolution
		Debug|Any CPU = Debug|Any CPU
		Release|Any CPU = Release|Any CPU
	EndGlobalSection
	GlobalSection(ProjectConfigurationPlatforms) = postSolution
		{C8E54A76-16D1-42CF-9530-EF4E97AC4A25}.Debug|Any CPU.ActiveCfg = Debug|Any CPU
		{C8E54A76-16D1-42CF-9530-EF4E97AC4A25}.Debug|Any CPU.Build.0 = Debug|Any CPU
		{C8E54A76-16D1-42CF-9530-EF4E97AC4A25}.Release|Any CPU.ActiveCfg = Release|Any CPU
		{C8E54A76-16D1-42CF-9530-EF4E97AC4A25}.Release|Any CPU.Build.0 = Release|Any CPU
	EndGlobalSection
	GlobalSection(SolutionProperties) = preSolution
		HideSolutionNode = FALSE
	EndGlobalSection
	GlobalSection(ExtensibilityGlobals) = postSolution
		SolutionGuid = {EAE5BD8F-D7F3-4812-BD70-E3B294E68068}
	EndGlobalSection
EndGlobal
